
Microsoft Visual Studio Solution File, Format Version 12.00
# Visual Studio 2017
Project("{FAE04EC0-301F-11D3-BF4B-00C04F79EFBC}") = "Barricade", "Barricade.csproj", "{D0C3987D-5488-D845-8393-184B4F9277A4}"
EndProject
Project("{FAE04EC0-301F-11D3-BF4B-00C04F79EFBC}") = "Barricade.Editor", "Barricade.Editor.csproj", "{8D9720AB-2E2F-E790-3ECA-8FC2C938E29E}"
EndProject
Global
	GlobalSection(SolutionConfigurationPlatforms) = preSolution
		Debug|Any CPU = Debug|Any CPU
		Release|Any CPU = Release|Any CPU
	EndGlobalSection
	GlobalSection(ProjectConfigurationPlatforms) = postSolution
		{D0C3987D-5488-D845-8393-184B4F9277A4}.Debug|Any CPU.ActiveCfg = Debug|Any CPU
		{D0C3987D-5488-D845-8393-184B4F9277A4}.Debug|Any CPU.Build.0 = Debug|Any CPU
		{D0C3987D-5488-D845-8393-184B4F9277A4}.Release|Any CPU.ActiveCfg = Release|Any CPU
		{D0C3987D-5488-D845-8393-184B4F9277A4}.Release|Any CPU.Build.0 = Release|Any CPU
		{8D9720AB-2E2F-E790-3ECA-8FC2C938E29E}.Debug|Any CPU.ActiveCfg = Debug|Any CPU
		{8D9720AB-2E2F-E790-3ECA-8FC2C938E29E}.Debug|Any CPU.Build.0 = Debug|Any CPU
		{8D9720AB-2E2F-E790-3ECA-8FC2C938E29E}.Release|Any CPU.ActiveCfg = Release|Any CPU
		{8D9720AB-2E2F-E790-3ECA-8FC2C938E29E}.Release|Any CPU.Build.0 = Release|Any CPU
	EndGlobalSection
	GlobalSection(SolutionProperties) = preSolution
		HideSolutionNode = FALSE
	EndGlobalSection
EndGlobal
